
Microsoft Visual Studio Solution File, Format Version 12.00
# Visual Studio Version 16
VisualStudioVersion = 16.0.31515.178
MinimumVisualStudioVersion = 10.0.40219.1
Project("{FAE04EC0-301F-11D3-BF4B-00C04F79EFBC}") = "TestingProjectEmployee", "TestingProjectEmployee.csproj", "{C7A9E6F9-C060-4A3D-9A82-835A44F2A823}"
EndProject
Project("{FAE04EC0-301F-11D3-BF4B-00C04F79EFBC}") = "TestingProjectEmployee.Tests", "..\TestingProjectEmployee.Tests\TestingProjectEmployee.Tests.csproj", "{5636593E-C564-405B-A353-F1D1C43AA884}"
EndProject
Global
	GlobalSection(SolutionConfigurationPlatforms) = preSolution
		Debug|Any CPU = Debug|Any CPU
		Release|Any CPU = Release|Any CPU
	EndGlobalSection
	GlobalSection(ProjectConfigurationPlatforms) = postSolution
		{C7A9E6F9-C060-4A3D-9A82-835A44F2A823}.Debug|Any CPU.ActiveCfg = Debug|Any CPU
		{C7A9E6F9-C060-4A3D-9A82-835A44F2A823}.Debug|Any CPU.Build.0 = Debug|Any CPU
		{C7A9E6F9-C060-4A3D-9A82-835A44F2A823}.Release|Any CPU.ActiveCfg = Release|Any CPU
		{C7A9E6F9-C060-4A3D-9A82-835A44F2A823}.Release|Any CPU.Build.0 = Release|Any CPU
		{5636593E-C564-405B-A353-F1D1C43AA884}.Debug|Any CPU.ActiveCfg = Debug|Any CPU
		{5636593E-C564-405B-A353-F1D1C43AA884}.Debug|Any CPU.Build.0 = Debug|Any CPU
		{5636593E-C564-405B-A353-F1D1C43AA884}.Release|Any CPU.ActiveCfg = Release|Any CPU
		{5636593E-C564-405B-A353-F1D1C43AA884}.Release|Any CPU.Build.0 = Release|Any CPU
	EndGlobalSection
	GlobalSection(SolutionProperties) = preSolution
		HideSolutionNode = FALSE
	EndGlobalSection
	GlobalSection(ExtensibilityGlobals) = postSolution
		SolutionGuid = {20C553B5-2FE2-4E64-AA95-EF311B8C637E}
	EndGlobalSection
EndGlobal
